{
  "name": "cpm",
  "version": "1.0.0",
  "lockfileVersion": 1,
  "requires": true,
  "dependencies": {
    "@types/node": {
      "version": "13.1.6",
      "resolved": "https://registry.npmjs.org/@types/node/-/node-13.1.6.tgz",
      "integrity": "sha512-Jg1F+bmxcpENHP23sVKkNuU3uaxPnsBMW0cLjleiikFKomJQbsn0Cqk2yDvQArqzZN6ABfBkZ0To7pQ8sLdWDg==",
      "dev": true
    },
    "commander": {
      "version": "4.1.0",
      "resolved": "https://registry.npmjs.org/commander/-/commander-4.1.0.tgz",
      "integrity": "sha512-NIQrwvv9V39FHgGFm36+U9SMQzbiHvU79k+iADraJTpmrFFfx7Ds0IvDoAdZsDrknlkRk14OYoWXb57uTh7/sw=="
    },
    "null-writable": {
      "version": "1.0.5",
      "resolved": "https://registry.npmjs.org/null-writable/-/null-writable-1.0.5.tgz",
      "integrity": "sha512-eLk4j1viNDfDCceYNSxUsfbIhnNTOTADss5Hc9f/zxhooegSlyWfyAzdQHsliniIF8j42+S0iroenyxRyA2pBA=="
    },
    "typescript": {
      "version": "3.7.4",
      "resolved": "https://registry.npmjs.org/typescript/-/typescript-3.7.4.tgz",
      "integrity": "sha512-A25xv5XCtarLwXpcDNZzCGvW2D1S3/bACratYBx2sax8PefsFhlYmkQicKHvpYflFS8if4zne5zT5kpJ7pzuvw==",
      "dev": true
    },
    "z80-base": {
      "version": "1.0.4",
      "resolved": "https://registry.npmjs.org/z80-base/-/z80-base-1.0.4.tgz",
      "integrity": "sha512-ZfdBCQjGNlD+RLAoz4BH2vJF2evI753Q8CgkKEL1CCjFyCOLbl1bDZIGvXjGD6YJWpAstO6LDCxcjqHs+/lR/g=="
    },
    "z80-disasm": {
      "version": "1.0.5",
      "resolved": "https://registry.npmjs.org/z80-disasm/-/z80-disasm-1.0.5.tgz",
      "integrity": "sha512-TMLFd27CdJMtNvT0jQDoECCGSDO6j89W+mOwXzoJl5BXqZ65HVRPVgVIydLUja2xF0+xJsiSTMEj4ifbXjyjhw==",
      "requires": {
        "commander": "^4.0.1",
        "z80-base": "^1.0.3"
      }
    },
    "z80-emulator": {
      "version": "1.0.4",
      "resolved": "https://registry.npmjs.org/z80-emulator/-/z80-emulator-1.0.4.tgz",
      "integrity": "sha512-0UEpZAvG3GBU0d7w1/nr6fzywyByzRKI1PnvsrLsitEYwjBlesxY1H+17Ac8AzOC/oZvCnSmJraantbK5x1k3g==",
      "requires": {
        "z80-base": "^1.0.3"
      }
    }
  }
}
