{
  "name": "cpm",
  "version": "1.0.0",
  "lockfileVersion": 2,
  "requires": true,
  "packages": {
    "": {
      "name": "cpm",
      "version": "1.0.0",
      "license": "MIT",
      "dependencies": {
        "commander": "^4.1.0",
        "null-writable": "^1.0.5",
        "z80-base": "^2.0.1",
        "z80-disasm": "^2.2.3",
        "z80-emulator": "^2.3.0"
      },
      "devDependencies": {
        "@types/node": "^13.1.6",
        "typescript": "^3.7.4"
      }
    },
    "node_modules/@types/node": {
      "version": "13.13.52",
      "resolved": "https://registry.npmjs.org/@types/node/-/node-13.13.52.tgz",
      "integrity": "sha512-s3nugnZumCC//n4moGGe6tkNMyYEdaDBitVjwPxXmR5lnMG5dHePinH2EdxkG3Rh1ghFHHixAG4NJhpJW1rthQ==",
      "dev": true
    },
    "node_modules/commander": {
      "version": "4.1.1",
      "resolved": "https://registry.npmjs.org/commander/-/commander-4.1.1.tgz",
      "integrity": "sha512-NOKm8xhkzAjzFx8B2v5OAHT+u5pRQc2UCa2Vq9jYL/31o2wi9mxBA7LIFs3sV5VSC49z6pEhfbMULvShKj26WA==",
      "engines": {
        "node": ">= 6"
      }
    },
    "node_modules/null-writable": {
      "version": "1.0.5",
      "resolved": "https://registry.npmjs.org/null-writable/-/null-writable-1.0.5.tgz",
      "integrity": "sha512-eLk4j1viNDfDCceYNSxUsfbIhnNTOTADss5Hc9f/zxhooegSlyWfyAzdQHsliniIF8j42+S0iroenyxRyA2pBA==",
      "engines": {
        "node": ">=6.0.0"
      }
    },
    "node_modules/typescript": {
      "version": "3.9.10",
      "resolved": "https://registry.npmjs.org/typescript/-/typescript-3.9.10.tgz",
      "integrity": "sha512-w6fIxVE/H1PkLKcCPsFqKE7Kv7QUwhU8qQY2MueZXWx5cPZdwFupLgKK3vntcK98BtNHZtAF4LA/yl2a7k8R6Q==",
      "dev": true,
      "bin": {
        "tsc": "bin/tsc",
        "tsserver": "bin/tsserver"
      },
      "engines": {
        "node": ">=4.2.0"
      }
    },
    "node_modules/z80-base": {
      "version": "2.0.1",
      "resolved": "https://registry.npmjs.org/z80-base/-/z80-base-2.0.1.tgz",
      "integrity": "sha512-Zflx/2fATJ1cMXiiqBFbOadHvC12Yg12CHCiEGGaOnkA18SxRVCiBDpNRuYm7MGGHdBlDTwdlDS8Ga4OC0G88A=="
    },
    "node_modules/z80-disasm": {
      "version": "2.2.3",
      "resolved": "https://registry.npmjs.org/z80-disasm/-/z80-disasm-2.2.3.tgz",
      "integrity": "sha512-kzO9IWyYE3z9kx/sUvYiG1KXnywBQpnQ79+b26MdTSqa49Ax0pxU3SoYryt3+BiKe5Ay/rNApDKgO2Wpx6eQew==",
      "dependencies": {
        "commander": "^4.0.1",
        "z80-base": "^2.0.1"
      },
      "bin": {
        "zdisasm": "bin/zdisasm"
      }
    },
    "node_modules/z80-emulator": {
      "version": "2.3.0",
      "resolved": "https://registry.npmjs.org/z80-emulator/-/z80-emulator-2.3.0.tgz",
      "integrity": "sha512-+tFFzTuarvgORru5N9LC6RREOkayrsX4ADHxi+mPXPSQGXJzDzde3j5g+zp88LucLOI4ZQCj5VqPF/YjqW9GNw==",
      "dependencies": {
        "z80-base": "^2.0.1"
      }
    }
  },
  "dependencies": {
    "@types/node": {
      "version": "13.13.52",
      "resolved": "https://registry.npmjs.org/@types/node/-/node-13.13.52.tgz",
      "integrity": "sha512-s3nugnZumCC//n4moGGe6tkNMyYEdaDBitVjwPxXmR5lnMG5dHePinH2EdxkG3Rh1ghFHHixAG4NJhpJW1rthQ==",
      "dev": true
    },
    "commander": {
      "version": "4.1.1",
      "resolved": "https://registry.npmjs.org/commander/-/commander-4.1.1.tgz",
      "integrity": "sha512-NOKm8xhkzAjzFx8B2v5OAHT+u5pRQc2UCa2Vq9jYL/31o2wi9mxBA7LIFs3sV5VSC49z6pEhfbMULvShKj26WA=="
    },
    "null-writable": {
      "version": "1.0.5",
      "resolved": "https://registry.npmjs.org/null-writable/-/null-writable-1.0.5.tgz",
      "integrity": "sha512-eLk4j1viNDfDCceYNSxUsfbIhnNTOTADss5Hc9f/zxhooegSlyWfyAzdQHsliniIF8j42+S0iroenyxRyA2pBA=="
    },
    "typescript": {
      "version": "3.9.10",
      "resolved": "https://registry.npmjs.org/typescript/-/typescript-3.9.10.tgz",
      "integrity": "sha512-w6fIxVE/H1PkLKcCPsFqKE7Kv7QUwhU8qQY2MueZXWx5cPZdwFupLgKK3vntcK98BtNHZtAF4LA/yl2a7k8R6Q==",
      "dev": true
    },
    "z80-base": {
      "version": "2.0.1",
      "resolved": "https://registry.npmjs.org/z80-base/-/z80-base-2.0.1.tgz",
      "integrity": "sha512-Zflx/2fATJ1cMXiiqBFbOadHvC12Yg12CHCiEGGaOnkA18SxRVCiBDpNRuYm7MGGHdBlDTwdlDS8Ga4OC0G88A=="
    },
    "z80-disasm": {
      "version": "2.2.3",
      "resolved": "https://registry.npmjs.org/z80-disasm/-/z80-disasm-2.2.3.tgz",
      "integrity": "sha512-kzO9IWyYE3z9kx/sUvYiG1KXnywBQpnQ79+b26MdTSqa49Ax0pxU3SoYryt3+BiKe5Ay/rNApDKgO2Wpx6eQew==",
      "requires": {
        "commander": "^4.0.1",
        "z80-base": "^2.0.1"
      }
    },
    "z80-emulator": {
      "version": "2.3.0",
      "resolved": "https://registry.npmjs.org/z80-emulator/-/z80-emulator-2.3.0.tgz",
      "integrity": "sha512-+tFFzTuarvgORru5N9LC6RREOkayrsX4ADHxi+mPXPSQGXJzDzde3j5g+zp88LucLOI4ZQCj5VqPF/YjqW9GNw==",
      "requires": {
        "z80-base": "^2.0.1"
      }
    }
  }
}
